// !$*UTF8*$!
{
	archiveVersion = 1;
	classes = {
	};
	objectVersion = 50;
	objects = {

/* Begin PBXBuildFile section */
		0A970FF7243A172D006F8AC4 /* AppDelegate.swift in Sources */ = {isa = PBXBuildFile; fileRef = 0A970FF6243A172D006F8AC4 /* AppDelegate.swift */; };
		0A970FF9243A172D006F8AC4 /* SceneDelegate.swift in Sources */ = {isa = PBXBuildFile; fileRef = 0A970FF8243A172D006F8AC4 /* SceneDelegate.swift */; };
		0A970FFB243A172D006F8AC4 /* ContentView.swift in Sources */ = {isa = PBXBuildFile; fileRef = 0A970FFA243A172D006F8AC4 /* ContentView.swift */; };
		0A970FFD243A1732006F8AC4 /* Assets.xcassets in Resources */ = {isa = PBXBuildFile; fileRef = 0A970FFC243A1732006F8AC4 /* Assets.xcassets */; };
		0A971000243A1732006F8AC4 /* Preview Assets.xcassets in Resources */ = {isa = PBXBuildFile; fileRef = 0A970FFF243A1732006F8AC4 /* Preview Assets.xcassets */; };
		0A971003243A1732006F8AC4 /* LaunchScreen.storyboard in Resources */ = {isa = PBXBuildFile; fileRef = 0A971001243A1732006F8AC4 /* LaunchScreen.storyboard */; };
		0A97100E243A1732006F8AC4 /* BetterRestTests.swift in Sources */ = {isa = PBXBuildFile; fileRef = 0A97100D243A1732006F8AC4 /* BetterRestTests.swift */; };
		0A971019243A1732006F8AC4 /* BetterRestUITests.swift in Sources */ = {isa = PBXBuildFile; fileRef = 0A971018243A1732006F8AC4 /* BetterRestUITests.swift */; };
/* End PBXBuildFile section */

/* Begin PBXContainerItemProxy section */
		0A97100A243A1732006F8AC4 /* PBXContainerItemProxy */ = {
			isa = PBXContainerItemProxy;
			containerPortal = 0A970FEB243A172D006F8AC4 /* Project object */;
			proxyType = 1;
			remoteGlobalIDString = 0A970FF2243A172D006F8AC4;
			remoteInfo = BetterRest;
		};
		0A971015243A1732006F8AC4 /* PBXContainerItemProxy */ = {
			isa = PBXContainerItemProxy;
			containerPortal = 0A970FEB243A172D006F8AC4 /* Project object */;
			proxyType = 1;
			remoteGlobalIDString = 0A970FF2243A172D006F8AC4;
			remoteInfo = BetterRest;
		};
/* End PBXContainerItemProxy section */

/* Begin PBXFileReference section */
		0A970FF3243A172D006F8AC4 /* BetterRest.app */ = {isa = PBXFileReference; explicitFileType = wrapper.application; includeInIndex = 0; path = BetterRest.app; sourceTree = BUILT_PRODUCTS_DIR; };
		0A970FF6243A172D006F8AC4 /* AppDelegate.swift */ = {isa = PBXFileReference; lastKnownFileType = sourcecode.swift; path = AppDelegate.swift; sourceTree = "<group>"; };
		0A970FF8243A172D006F8AC4 /* SceneDelegate.swift */ = {isa = PBXFileReference; lastKnownFileType = sourcecode.swift; path = SceneDelegate.swift; sourceTree = "<group>"; };
		0A970FFA243A172D006F8AC4 /* ContentView.swift */ = {isa = PBXFileReference; lastKnownFileType = sourcecode.swift; path = ContentView.swift; sourceTree = "<group>"; };
		0A970FFC243A1732006F8AC4 /* Assets.xcassets */ = {isa = PBXFileReference; lastKnownFileType = folder.assetcatalog; path = Assets.xcassets; sourceTree = "<group>"; };
		0A970FFF243A1732006F8AC4 /* Preview Assets.xcassets */ = {isa = PBXFileReference; lastKnownFileType = folder.assetcatalog; path = "Preview Assets.xcassets"; sourceTree = "<group>"; };
		0A971002243A1732006F8AC4 /* Base */ = {isa = PBXFileReference; lastKnownFileType = file.storyboard; name = Base; path = Base.lproj/LaunchScreen.storyboard; sourceTree = "<group>"; };
		0A971004243A1732006F8AC4 /* Info.plist */ = {isa = PBXFileReference; lastKnownFileType = text.plist.xml; path = Info.plist; sourceTree = "<group>"; };
		0A971009243A1732006F8AC4 /* BetterRestTests.xctest */ = {isa = PBXFileReference; explicitFileType = wrapper.cfbundle; includeInIndex = 0; path = BetterRestTests.xctest; sourceTree = BUILT_PRODUCTS_DIR; };
		0A97100D243A1732006F8AC4 /* BetterRestTests.swift */ = {isa = PBXFileReference; lastKnownFileType = sourcecode.swift; path = BetterRestTests.swift; sourceTree = "<group>"; };
		0A97100F243A1732006F8AC4 /* Info.plist */ = {isa = PBXFileReference; lastKnownFileType = text.plist.xml; path = Info.plist; sourceTree = "<group>"; };
		0A971014243A1732006F8AC4 /* BetterRestUITests.xctest */ = {isa = PBXFileReference; explicitFileType = wrapper.cfbundle; includeInIndex = 0; path = BetterRestUITests.xctest; sourceTree = BUILT_PRODUCTS_DIR; };
		0A971018243A1732006F8AC4 /* BetterRestUITests.swift */ = {isa = PBXFileReference; lastKnownFileType = sourcecode.swift; path = BetterRestUITests.swift; sourceTree = "<group>"; };
		0A97101A243A1732006F8AC4 /* Info.plist */ = {isa = PBXFileReference; lastKnownFileType = text.plist.xml; path = Info.plist; sourceTree = "<group>"; };
/* End PBXFileReference section */

/* Begin PBXFrameworksBuildPhase section */
		0A970FF0243A172D006F8AC4 /* Frameworks */ = {
			isa = PBXFrameworksBuildPhase;
			buildActionMask = 2147483647;
			files = (
			);
			runOnlyForDeploymentPostprocessing = 0;
		};
		0A971006243A1732006F8AC4 /* Frameworks */ = {
			isa = PBXFrameworksBuildPhase;
			buildActionMask = 2147483647;
			files = (
			);
			runOnlyForDeploymentPostprocessing = 0;
		};
		0A971011243A1732006F8AC4 /* Frameworks */ = {
			isa = PBXFrameworksBuildPhase;
			buildActionMask = 2147483647;
			files = (
			);
			runOnlyForDeploymentPostprocessing = 0;
		};
/* End PBXFrameworksBuildPhase section */

/* Begin PBXGroup section */
		0A970FEA243A172D006F8AC4 = {
			isa = PBXGroup;
			children = (
				0A970FF5243A172D006F8AC4 /* BetterRest */,
				0A97100C243A1732006F8AC4 /* BetterRestTests */,
				0A971017243A1732006F8AC4 /* BetterRestUITests */,
				0A970FF4243A172D006F8AC4 /* Products */,
			);
			sourceTree = "<group>";
		};
		0A970FF4243A172D006F8AC4 /* Products */ = {
			isa = PBXGroup;
			children = (
				0A970FF3243A172D006F8AC4 /* BetterRest.app */,
				0A971009243A1732006F8AC4 /* BetterRestTests.xctest */,
				0A971014243A1732006F8AC4 /* BetterRestUITests.xctest */,
			);
			name = Products;
			sourceTree = "<group>";
		};
		0A970FF5243A172D006F8AC4 /* BetterRest */ = {
			isa = PBXGroup;
			children = (
				0A970FF6243A172D006F8AC4 /* AppDelegate.swift */,
				0A970FF8243A172D006F8AC4 /* SceneDelegate.swift */,
				0A970FFA243A172D006F8AC4 /* ContentView.swift */,
				0A970FFC243A1732006F8AC4 /* Assets.xcassets */,
				0A971001243A1732006F8AC4 /* LaunchScreen.storyboard */,
				0A971004243A1732006F8AC4 /* Info.plist */,
				0A970FFE243A1732006F8AC4 /* Preview Content */,
			);
			path = BetterRest;
			sourceTree = "<group>";
		};
		0A970FFE243A1732006F8AC4 /* Preview Content */ = {
			isa = PBXGroup;
			children = (
				0A970FFF243A1732006F8AC4 /* Preview Assets.xcassets */,
			);
			path = "Preview Content";
			sourceTree = "<group>";
		};
		0A97100C243A1732006F8AC4 /* BetterRestTests */ = {
			isa = PBXGroup;
			children = (
				0A97100D243A1732006F8AC4 /* BetterRestTests.swift */,
				0A97100F243A1732006F8AC4 /* Info.plist */,
			);
			path = BetterRestTests;
			sourceTree = "<group>";
		};
		0A971017243A1732006F8AC4 /* BetterRestUITests */ = {
			isa = PBXGroup;
			children = (
				0A971018243A1732006F8AC4 /* BetterRestUITests.swift */,
				0A97101A243A1732006F8AC4 /* Info.plist */,
			);
			path = BetterRestUITests;
			sourceTree = "<group>";
		};
/* End PBXGroup section */

/* Begin PBXNativeTarget section */
		0A970FF2243A172D006F8AC4 /* BetterRest */ = {
			isa = PBXNativeTarget;
			buildConfigurationList = 0A97101D243A1732006F8AC4 /* Build configuration list for PBXNativeTarget "BetterRest" */;
			buildPhases = (
				0A970FEF243A172D006F8AC4 /* Sources */,
				0A970FF0243A172D006F8AC4 /* Frameworks */,
				0A970FF1243A172D006F8AC4 /* Resources */,
			);
			buildRules = (
			);
			dependencies = (
			);
			name = BetterRest;
			productName = BetterRest;
			productReference = 0A970FF3243A172D006F8AC4 /* BetterRest.app */;
			productType = "com.apple.product-type.application";
		};
		0A971008243A1732006F8AC4 /* BetterRestTests */ = {
			isa = PBXNativeTarget;
			buildConfigurationList = 0A971020243A1732006F8AC4 /* Build configuration list for PBXNativeTarget "BetterRestTests" */;
			buildPhases = (
				0A971005243A1732006F8AC4 /* Sources */,
				0A971006243A1732006F8AC4 /* Frameworks */,
				0A971007243A1732006F8AC4 /* Resources */,
			);
			buildRules = (
			);
			dependencies = (
				0A97100B243A1732006F8AC4 /* PBXTargetDependency */,
			);
			name = BetterRestTests;
			productName = BetterRestTests;
			productReference = 0A971009243A1732006F8AC4 /* BetterRestTests.xctest */;
			productType = "com.apple.product-type.bundle.unit-test";
		};
		0A971013243A1732006F8AC4 /* BetterRestUITests */ = {
			isa = PBXNativeTarget;
			buildConfigurationList = 0A971023243A1732006F8AC4 /* Build configuration list for PBXNativeTarget "BetterRestUITests" */;
			buildPhases = (
				0A971010243A1732006F8AC4 /* Sources */,
				0A971011243A1732006F8AC4 /* Frameworks */,
				0A971012243A1732006F8AC4 /* Resources */,
			);
			buildRules = (
			);
			dependencies = (
				0A971016243A1732006F8AC4 /* PBXTargetDependency */,
			);
			name = BetterRestUITests;
			productName = BetterRestUITests;
			productReference = 0A971014243A1732006F8AC4 /* BetterRestUITests.xctest */;
			productType = "com.apple.product-type.bundle.ui-testing";
		};
/* End PBXNativeTarget section */

/* Begin PBXProject section */
		0A970FEB243A172D006F8AC4 /* Project object */ = {
			isa = PBXProject;
			attributes = {
				LastSwiftUpdateCheck = 1130;
				LastUpgradeCheck = 1130;
				ORGANIZATIONNAME = "Mark Chen";
				TargetAttributes = {
					0A970FF2243A172D006F8AC4 = {
						CreatedOnToolsVersion = 11.3.1;
					};
					0A971008243A1732006F8AC4 = {
						CreatedOnToolsVersion = 11.3.1;
						TestTargetID = 0A970FF2243A172D006F8AC4;
					};
					0A971013243A1732006F8AC4 = {
						CreatedOnToolsVersion = 11.3.1;
						TestTargetID = 0A970FF2243A172D006F8AC4;
					};
				};
			};
			buildConfigurationList = 0A970FEE243A172D006F8AC4 /* Build configuration list for PBXProject "BetterRest" */;
			compatibilityVersion = "Xcode 9.3";
			developmentRegion = en;
			hasScannedForEncodings = 0;
			knownRegions = (
				en,
				Base,
			);
			mainGroup = 0A970FEA243A172D006F8AC4;
			productRefGroup = 0A970FF4243A172D006F8AC4 /* Products */;
			projectDirPath = "";
			projectRoot = "";
			targets = (
				0A970FF2243A172D006F8AC4 /* BetterRest */,
				0A971008243A1732006F8AC4 /* BetterRestTests */,
				0A971013243A1732006F8AC4 /* BetterRestUITests */,
			);
		};
/* End PBXProject section */

/* Begin PBXResourcesBuildPhase section */
		0A970FF1243A172D006F8AC4 /* Resources */ = {
			isa = PBXResourcesBuildPhase;
			buildActionMask = 2147483647;
			files = (
				0A971003243A1732006F8AC4 /* LaunchScreen.storyboard in Resources */,
				0A971000243A1732006F8AC4 /* Preview Assets.xcassets in Resources */,
				0A970FFD243A1732006F8AC4 /* Assets.xcassets in Resources */,
			);
			runOnlyForDeploymentPostprocessing = 0;
		};
		0A971007243A1732006F8AC4 /* Resources */ = {
			isa = PBXResourcesBuildPhase;
			buildActionMask = 2147483647;
			files = (
			);
			runOnlyForDeploymentPostprocessing = 0;
		};
		0A971012243A1732006F8AC4 /* Resources */ = {
			isa = PBXResourcesBuildPhase;
			buildActionMask = 2147483647;
			files = (
			);
			runOnlyForDeploymentPostprocessing = 0;
		};
/* End PBXResourcesBuildPhase section */

/* Begin PBXSourcesBuildPhase section */
		0A970FEF243A172D006F8AC4 /* Sources */ = {
			isa = PBXSourcesBuildPhase;
			buildActionMask = 2147483647;
			files = (
				0A970FF7243A172D006F8AC4 /* AppDelegate.swift in Sources */,
				0A970FF9243A172D006F8AC4 /* SceneDelegate.swift in Sources */,
				0A970FFB243A172D006F8AC4 /* ContentView.swift in Sources */,
			);
			runOnlyForDeploymentPostprocessing = 0;
		};
		0A971005243A1732006F8AC4 /* Sources */ = {
			isa = PBXSourcesBuildPhase;
			buildActionMask = 2147483647;
			files = (
				0A97100E243A1732006F8AC4 /* BetterRestTests.swift in Sources */,
			);
			runOnlyForDeploymentPostprocessing = 0;
		};
		0A971010243A1732006F8AC4 /* Sources */ = {
			isa = PBXSourcesBuildPhase;
			buildActionMask = 2147483647;
			files = (
				0A971019243A1732006F8AC4 /* BetterRestUITests.swift in Sources */,
			);
			runOnlyForDeploymentPostprocessing = 0;
		};
/* End PBXSourcesBuildPhase section */

/* Begin PBXTargetDependency section */
		0A97100B243A1732006F8AC4 /* PBXTargetDependency */ = {
			isa = PBXTargetDependency;
			target = 0A970FF2243A172D006F8AC4 /* BetterRest */;
			targetProxy = 0A97100A243A1732006F8AC4 /* PBXContainerItemProxy */;
		};
		0A971016243A1732006F8AC4 /* PBXTargetDependency */ = {
			isa = PBXTargetDependency;
			target = 0A970FF2243A172D006F8AC4 /* BetterRest */;
			targetProxy = 0A971015243A1732006F8AC4 /* PBXContainerItemProxy */;
		};
/* End PBXTargetDependency section */

/* Begin PBXVariantGroup section */
		0A971001243A1732006F8AC4 /* LaunchScreen.storyboard */ = {
			isa = PBXVariantGroup;
			children = (
				0A971002243A1732006F8AC4 /* Base */,
			);
			name = LaunchScreen.storyboard;
			sourceTree = "<group>";
		};
/* End PBXVariantGroup section */

/* Begin XCBuildConfiguration section */
		0A97101B243A1732006F8AC4 /* Debug */ = {
			isa = XCBuildConfiguration;
			buildSettings = {
				ALWAYS_SEARCH_USER_PATHS = NO;
				CLANG_ANALYZER_NONNULL = YES;
				CLANG_ANALYZER_NUMBER_OBJECT_CONVERSION = YES_AGGRESSIVE;
				CLANG_CXX_LANGUAGE_STANDARD = "gnu++14";
				CLANG_CXX_LIBRARY = "libc++";
				CLANG_ENABLE_MODULES = YES;
				CLANG_ENABLE_OBJC_ARC = YES;
				CLANG_ENABLE_OBJC_WEAK = YES;
				CLANG_WARN_BLOCK_CAPTURE_AUTORELEASING = YES;
				CLANG_WARN_BOOL_CONVERSION = YES;
				CLANG_WARN_COMMA = YES;
				CLANG_WARN_CONSTANT_CONVERSION = YES;
				CLANG_WARN_DEPRECATED_OBJC_IMPLEMENTATIONS = YES;
				CLANG_WARN_DIRECT_OBJC_ISA_USAGE = YES_ERROR;
				CLANG_WARN_DOCUMENTATION_COMMENTS = YES;
				CLANG_WARN_EMPTY_BODY = YES;
				CLANG_WARN_ENUM_CONVERSION = YES;
				CLANG_WARN_INFINITE_RECURSION = YES;
				CLANG_WARN_INT_CONVERSION = YES;
				CLANG_WARN_NON_LITERAL_NULL_CONVERSION = YES;
				CLANG_WARN_OBJC_IMPLICIT_RETAIN_SELF = YES;
				CLANG_WARN_OBJC_LITERAL_CONVERSION = YES;
				CLANG_WARN_OBJC_ROOT_CLASS = YES_ERROR;
				CLANG_WARN_RANGE_LOOP_ANALYSIS = YES;
				CLANG_WARN_STRICT_PROTOTYPES = YES;
				CLANG_WARN_SUSPICIOUS_MOVE = YES;
				CLANG_WARN_UNGUARDED_AVAILABILITY = YES_AGGRESSIVE;
				CLANG_WARN_UNREACHABLE_CODE = YES;
				CLANG_WARN__DUPLICATE_METHOD_MATCH = YES;
				COPY_PHASE_STRIP = NO;
				DEBUG_INFORMATION_FORMAT = dwarf;
				ENABLE_STRICT_OBJC_MSGSEND = YES;
				ENABLE_TESTABILITY = YES;
				GCC_C_LANGUAGE_STANDARD = gnu11;
				GCC_DYNAMIC_NO_PIC = NO;
				GCC_NO_COMMON_BLOCKS = YES;
				GCC_OPTIMIZATION_LEVEL = 0;
				GCC_PREPROCESSOR_DEFINITIONS = (
					"DEBUG=1",
					"$(inherited)",
				);
				GCC_WARN_64_TO_32_BIT_CONVERSION = YES;
				GCC_WARN_ABOUT_RETURN_TYPE = YES_ERROR;
				GCC_WARN_UNDECLARED_SELECTOR = YES;
				GCC_WARN_UNINITIALIZED_AUTOS = YES_AGGRESSIVE;
				GCC_WARN_UNUSED_FUNCTION = YES;
				GCC_WARN_UNUSED_VARIABLE = YES;
				IPHONEOS_DEPLOYMENT_TARGET = 13.2;
				MTL_ENABLE_DEBUG_INFO = INCLUDE_SOURCE;
				MTL_FAST_MATH = YES;
				ONLY_ACTIVE_ARCH = YES;
				SDKROOT = iphoneos;
				SWIFT_ACTIVE_COMPILATION_CONDITIONS = DEBUG;
				SWIFT_OPTIMIZATION_LEVEL = "-Onone";
			};
			name = Debug;
		};
		0A97101C243A1732006F8AC4 /* Release */ = {
			isa = XCBuildConfiguration;
			buildSettings = {
				ALWAYS_SEARCH_USER_PATHS = NO;
				CLANG_ANALYZER_NONNULL = YES;
				CLANG_ANALYZER_NUMBER_OBJECT_CONVERSION = YES_AGGRESSIVE;
				CLANG_CXX_LANGUAGE_STANDARD = "gnu++14";
				CLANG_CXX_LIBRARY = "libc++";
				CLANG_ENABLE_MODULES = YES;
				CLANG_ENABLE_OBJC_ARC = YES;
				CLANG_ENABLE_OBJC_WEAK = YES;
				CLANG_WARN_BLOCK_CAPTURE_AUTORELEASING = YES;
				CLANG_WARN_BOOL_CONVERSION = YES;
				CLANG_WARN_COMMA = YES;
				CLANG_WARN_CONSTANT_CONVERSION = YES;
				CLANG_WARN_DEPRECATED_OBJC_IMPLEMENTATIONS = YES;
				CLANG_WARN_DIRECT_OBJC_ISA_USAGE = YES_ERROR;
				CLANG_WARN_DOCUMENTATION_COMMENTS = YES;
				CLANG_WARN_EMPTY_BODY = YES;
				CLANG_WARN_ENUM_CONVERSION = YES;
				CLANG_WARN_INFINITE_RECURSION = YES;
				CLANG_WARN_INT_CONVERSION = YES;
				CLANG_WARN_NON_LITERAL_NULL_CONVERSION = YES;
				CLANG_WARN_OBJC_IMPLICIT_RETAIN_SELF = YES;
				CLANG_WARN_OBJC_LITERAL_CONVERSION = YES;
				CLANG_WARN_OBJC_ROOT_CLASS = YES_ERROR;
				CLANG_WARN_RANGE_LOOP_ANALYSIS = YES;
				CLANG_WARN_STRICT_PROTOTYPES = YES;
				CLANG_WARN_SUSPICIOUS_MOVE = YES;
				CLANG_WARN_UNGUARDED_AVAILABILITY = YES_AGGRESSIVE;
				CLANG_WARN_UNREACHABLE_CODE = YES;
				CLANG_WARN__DUPLICATE_METHOD_MATCH = YES;
				COPY_PHASE_STRIP = NO;
				DEBUG_INFORMATION_FORMAT = "dwarf-with-dsym";
				ENABLE_NS_ASSERTIONS = NO;
				ENABLE_STRICT_OBJC_MSGSEND = YES;
				GCC_C_LANGUAGE_STANDARD = gnu11;
				GCC_NO_COMMON_BLOCKS = YES;
				GCC_WARN_64_TO_32_BIT_CONVERSION = YES;
				GCC_WARN_ABOUT_RETURN_TYPE = YES_ERROR;
				GCC_WARN_UNDECLARED_SELECTOR = YES;
				GCC_WARN_UNINITIALIZED_AUTOS = YES_AGGRESSIVE;
				GCC_WARN_UNUSED_FUNCTION = YES;
				GCC_WARN_UNUSED_VARIABLE = YES;
				IPHONEOS_DEPLOYMENT_TARGET = 13.2;
				MTL_ENABLE_DEBUG_INFO = NO;
				MTL_FAST_MATH = YES;
				SDKROOT = iphoneos;
				SWIFT_COMPILATION_MODE = wholemodule;
				SWIFT_OPTIMIZATION_LEVEL = "-O";
				VALIDATE_PRODUCT = YES;
			};
			name = Release;
		};
		0A97101E243A1732006F8AC4 /* Debug */ = {
			isa = XCBuildConfiguration;
			buildSettings = {
				ASSETCATALOG_COMPILER_APPICON_NAME = AppIcon;
				CODE_SIGN_STYLE = Automatic;
				DEVELOPMENT_ASSET_PATHS = "\"BetterRest/Preview Content\"";
				ENABLE_PREVIEWS = YES;
				INFOPLIST_FILE = BetterRest/Info.plist;
				LD_RUNPATH_SEARCH_PATHS = (
					"$(inherited)",
					"@executable_path/Frameworks",
				);
				PRODUCT_BUNDLE_IDENTIFIER = com.MarkStudio.BetterRest;
				PRODUCT_NAME = "$(TARGET_NAME)";
				SWIFT_VERSION = 5.0;
				TARGETED_DEVICE_FAMILY = "1,2";
			};
			name = Debug;
		};
		0A97101F243A1732006F8AC4 /* Release */ = {
			isa = XCBuildConfiguration;
			buildSettings = {
				ASSETCATALOG_COMPILER_APPICON_NAME = AppIcon;
				CODE_SIGN_STYLE = Automatic;
				DEVELOPMENT_ASSET_PATHS = "\"BetterRest/Preview Content\"";
				ENABLE_PREVIEWS = YES;
				INFOPLIST_FILE = BetterRest/Info.plist;
				LD_RUNPATH_SEARCH_PATHS = (
					"$(inherited)",
					"@executable_path/Frameworks",
				);
				PRODUCT_BUNDLE_IDENTIFIER = com.MarkStudio.BetterRest;
				PRODUCT_NAME = "$(TARGET_NAME)";
				SWIFT_VERSION = 5.0;
				TARGETED_DEVICE_FAMILY = "1,2";
			};
			name = Release;
		};
		0A971021243A1732006F8AC4 /* Debug */ = {
			isa = XCBuildConfiguration;
			buildSettings = {
				ALWAYS_EMBED_SWIFT_STANDARD_LIBRARIES = YES;
				BUNDLE_LOADER = "$(TEST_HOST)";
				CODE_SIGN_STYLE = Automatic;
				INFOPLIST_FILE = BetterRestTests/Info.plist;
				IPHONEOS_DEPLOYMENT_TARGET = 13.2;
				LD_RUNPATH_SEARCH_PATHS = (
					"$(inherited)",
					"@executable_path/Frameworks",
					"@loader_path/Frameworks",
				);
				PRODUCT_BUNDLE_IDENTIFIER = com.MarkStudio.BetterRestTests;
				PRODUCT_NAME = "$(TARGET_NAME)";
				SWIFT_VERSION = 5.0;
				TARGETED_DEVICE_FAMILY = "1,2";
				TEST_HOST = "$(BUILT_PRODUCTS_DIR)/BetterRest.app/BetterRest";
			};
			name = Debug;
		};
		0A971022243A1732006F8AC4 /* Release */ = {
			isa = XCBuildConfiguration;
			buildSettings = {
				ALWAYS_EMBED_SWIFT_STANDARD_LIBRARIES = YES;
				BUNDLE_LOADER = "$(TEST_HOST)";
				CODE_SIGN_STYLE = Automatic;
				INFOPLIST_FILE = BetterRestTests/Info.plist;
				IPHONEOS_DEPLOYMENT_TARGET = 13.2;
				LD_RUNPATH_SEARCH_PATHS = (
					"$(inherited)",
					"@executable_path/Frameworks",
					"@loader_path/Frameworks",
				);
				PRODUCT_BUNDLE_IDENTIFIER = com.MarkStudio.BetterRestTests;
				PRODUCT_NAME = "$(TARGET_NAME)";
				SWIFT_VERSION = 5.0;
				TARGETED_DEVICE_FAMILY = "1,2";
				TEST_HOST = "$(BUILT_PRODUCTS_DIR)/BetterRest.app/BetterRest";
			};
			name = Release;
		};
		0A971024243A1732006F8AC4 /* Debug */ = {
			isa = XCBuildConfiguration;
			buildSettings = {
				ALWAYS_EMBED_SWIFT_STANDARD_LIBRARIES = YES;
				CODE_SIGN_STYLE = Automatic;
				INFOPLIST_FILE = BetterRestUITests/Info.plist;
				LD_RUNPATH_SEARCH_PATHS = (
					"$(inherited)",
					"@executable_path/Frameworks",
					"@loader_path/Frameworks",
				);
				PRODUCT_BUNDLE_IDENTIFIER = com.MarkStudio.BetterRestUITests;
				PRODUCT_NAME = "$(TARGET_NAME)";
				SWIFT_VERSION = 5.0;
				TARGETED_DEVICE_FAMILY = "1,2";
				TEST_TARGET_NAME = BetterRest;
			};
			name = Debug;
		};
		0A971025243A1732006F8AC4 /* Release */ = {
			isa = XCBuildConfiguration;
			buildSettings = {
				ALWAYS_EMBED_SWIFT_STANDARD_LIBRARIES = YES;
				CODE_SIGN_STYLE = Automatic;
				INFOPLIST_FILE = BetterRestUITests/Info.plist;
				LD_RUNPATH_SEARCH_PATHS = (
					"$(inherited)",
					"@executable_path/Frameworks",
					"@loader_path/Frameworks",
				);
				PRODUCT_BUNDLE_IDENTIFIER = com.MarkStudio.BetterRestUITests;
				PRODUCT_NAME = "$(TARGET_NAME)";
				SWIFT_VERSION = 5.0;
				TARGETED_DEVICE_FAMILY = "1,2";
				TEST_TARGET_NAME = BetterRest;
			};
			name = Release;
		};
/* End XCBuildConfiguration section */

/* Begin XCConfigurationList section */
		0A970FEE243A172D006F8AC4 /* Build configuration list for PBXProject "BetterRest" */ = {
			isa = XCConfigurationList;
			buildConfigurations = (
				0A97101B243A1732006F8AC4 /* Debug */,
				0A97101C243A1732006F8AC4 /* Release */,
			);
			defaultConfigurationIsVisible = 0;
			defaultConfigurationName = Release;
		};
		0A97101D243A1732006F8AC4 /* Build configuration list for PBXNativeTarget "BetterRest" */ = {
			isa = XCConfigurationList;
			buildConfigurations = (
				0A97101E243A1732006F8AC4 /* Debug */,
				0A97101F243A1732006F8AC4 /* Release */,
			);
			defaultConfigurationIsVisible = 0;
			defaultConfigurationName = Release;
		};
		0A971020243A1732006F8AC4 /* Build configuration list for PBXNativeTarget "BetterRestTests" */ = {
			isa = XCConfigurationList;
			buildConfigurations = (
				0A971021243A1732006F8AC4 /* Debug */,
				0A971022243A1732006F8AC4 /* Release */,
			);
			defaultConfigurationIsVisible = 0;
			defaultConfigurationName = Release;
		};
		0A971023243A1732006F8AC4 /* Build configuration list for PBXNativeTarget "BetterRestUITests" */ = {
			isa = XCConfigurationList;
			buildConfigurations = (
				0A971024243A1732006F8AC4 /* Debug */,
				0A971025243A1732006F8AC4 /* Release */,
			);
			defaultConfigurationIsVisible = 0;
			defaultConfigurationName = Release;
		};
/* End XCConfigurationList section */
	};
	rootObject = 0A970FEB243A172D006F8AC4 /* Project object */;
}
